// !$*UTF8*$!
{
	archiveVersion = 1;
	classes = {
	};
	objectVersion = 46;
	objects = {

/* Begin PBXBuildFile section */
		D0E6009E1DE9626900ADBEC3 /* main.m in Sources */ = {isa = PBXBuildFile; fileRef = D0E6009D1DE9626900ADBEC3 /* main.m */; };
		D0E600A11DE9626900ADBEC3 /* AppDelegate.m in Sources */ = {isa = PBXBuildFile; fileRef = D0E600A01DE9626900ADBEC3 /* AppDelegate.m */; };
		D0E600A41DE9626900ADBEC3 /* ViewController.m in Sources */ = {isa = PBXBuildFile; fileRef = D0E600A31DE9626900ADBEC3 /* ViewController.m */; };
		D0E600A71DE9626900ADBEC3 /* Main.storyboard in Resources */ = {isa = PBXBuildFile; fileRef = D0E600A51DE9626900ADBEC3 /* Main.storyboard */; };
		D0E600A91DE9626900ADBEC3 /* Assets.xcassets in Resources */ = {isa = PBXBuildFile; fileRef = D0E600A81DE9626900ADBEC3 /* Assets.xcassets */; };
		D0E600AC1DE9626900ADBEC3 /* LaunchScreen.storyboard in Resources */ = {isa = PBXBuildFile; fileRef = D0E600AA1DE9626900ADBEC3 /* LaunchScreen.storyboard */; };
		D0E600B71DE9626900ADBEC3 /* PorusTests.m in Sources */ = {isa = PBXBuildFile; fileRef = D0E600B61DE9626900ADBEC3 /* PorusTests.m */; };
		D0E600C21DE9626900ADBEC3 /* PorusUITests.m in Sources */ = {isa = PBXBuildFile; fileRef = D0E600C11DE9626900ADBEC3 /* PorusUITests.m */; };
/* End PBXBuildFile section */

/* Begin PBXContainerItemProxy section */
		D0E600B31DE9626900ADBEC3 /* PBXContainerItemProxy */ = {
			isa = PBXContainerItemProxy;
			containerPortal = D0E600911DE9626900ADBEC3 /* Project object */;
			proxyType = 1;
			remoteGlobalIDString = D0E600981DE9626900ADBEC3;
			remoteInfo = Porus;
		};
		D0E600BE1DE9626900ADBEC3 /* PBXContainerItemProxy */ = {
			isa = PBXContainerItemProxy;
			containerPortal = D0E600911DE9626900ADBEC3 /* Project object */;
			proxyType = 1;
			remoteGlobalIDString = D0E600981DE9626900ADBEC3;
			remoteInfo = Porus;
		};
/* End PBXContainerItemProxy section */

/* Begin PBXFileReference section */
		D0E600991DE9626900ADBEC3 /* Porus.app */ = {isa = PBXFileReference; explicitFileType = wrapper.application; includeInIndex = 0; path = Porus.app; sourceTree = BUILT_PRODUCTS_DIR; };
		D0E6009D1DE9626900ADBEC3 /* main.m */ = {isa = PBXFileReference; lastKnownFileType = sourcecode.c.objc; path = main.m; sourceTree = "<group>"; };
		D0E6009F1DE9626900ADBEC3 /* AppDelegate.h */ = {isa = PBXFileReference; lastKnownFileType = sourcecode.c.h; path = AppDelegate.h; sourceTree = "<group>"; };
		D0E600A01DE9626900ADBEC3 /* AppDelegate.m */ = {isa = PBXFileReference; lastKnownFileType = sourcecode.c.objc; path = AppDelegate.m; sourceTree = "<group>"; };
		D0E600A21DE9626900ADBEC3 /* ViewController.h */ = {isa = PBXFileReference; lastKnownFileType = sourcecode.c.h; path = ViewController.h; sourceTree = "<group>"; };
		D0E600A31DE9626900ADBEC3 /* ViewController.m */ = {isa = PBXFileReference; lastKnownFileType = sourcecode.c.objc; path = ViewController.m; sourceTree = "<group>"; };
		D0E600A61DE9626900ADBEC3 /* Base */ = {isa = PBXFileReference; lastKnownFileType = file.storyboard; name = Base; path = Base.lproj/Main.storyboard; sourceTree = "<group>"; };
		D0E600A81DE9626900ADBEC3 /* Assets.xcassets */ = {isa = PBXFileReference; lastKnownFileType = folder.assetcatalog; path = Assets.xcassets; sourceTree = "<group>"; };
		D0E600AB1DE9626900ADBEC3 /* Base */ = {isa = PBXFileReference; lastKnownFileType = file.storyboard; name = Base; path = Base.lproj/LaunchScreen.storyboard; sourceTree = "<group>"; };
		D0E600AD1DE9626900ADBEC3 /* Info.plist */ = {isa = PBXFileReference; lastKnownFileType = text.plist.xml; path = Info.plist; sourceTree = "<group>"; };
		D0E600B21DE9626900ADBEC3 /* PorusTests.xctest */ = {isa = PBXFileReference; explicitFileType = wrapper.cfbundle; includeInIndex = 0; path = PorusTests.xctest; sourceTree = BUILT_PRODUCTS_DIR; };
		D0E600B61DE9626900ADBEC3 /* PorusTests.m */ = {isa = PBXFileReference; lastKnownFileType = sourcecode.c.objc; path = PorusTests.m; sourceTree = "<group>"; };
		D0E600B81DE9626900ADBEC3 /* Info.plist */ = {isa = PBXFileReference; lastKnownFileType = text.plist.xml; path = Info.plist; sourceTree = "<group>"; };
		D0E600BD1DE9626900ADBEC3 /* PorusUITests.xctest */ = {isa = PBXFileReference; explicitFileType = wrapper.cfbundle; includeInIndex = 0; path = PorusUITests.xctest; sourceTree = BUILT_PRODUCTS_DIR; };
		D0E600C11DE9626900ADBEC3 /* PorusUITests.m */ = {isa = PBXFileReference; lastKnownFileType = sourcecode.c.objc; path = PorusUITests.m; sourceTree = "<group>"; };
		D0E600C31DE9626900ADBEC3 /* Info.plist */ = {isa = PBXFileReference; lastKnownFileType = text.plist.xml; path = Info.plist; sourceTree = "<group>"; };
/* End PBXFileReference section */

/* Begin PBXFrameworksBuildPhase section */
		D0E600961DE9626900ADBEC3 /* Frameworks */ = {
			isa = PBXFrameworksBuildPhase;
			buildActionMask = 2147483647;
			files = (
			);
			runOnlyForDeploymentPostprocessing = 0;
		};
		D0E600AF1DE9626900ADBEC3 /* Frameworks */ = {
			isa = PBXFrameworksBuildPhase;
			buildActionMask = 2147483647;
			files = (
			);
			runOnlyForDeploymentPostprocessing = 0;
		};
		D0E600BA1DE9626900ADBEC3 /* Frameworks */ = {
			isa = PBXFrameworksBuildPhase;
			buildActionMask = 2147483647;
			files = (
			);
			runOnlyForDeploymentPostprocessing = 0;
		};
/* End PBXFrameworksBuildPhase section */

/* Begin PBXGroup section */
		D0E600901DE9626900ADBEC3 = {
			isa = PBXGroup;
			children = (
				D0E6009B1DE9626900ADBEC3 /* Porus */,
				D0E600B51DE9626900ADBEC3 /* PorusTests */,
				D0E600C01DE9626900ADBEC3 /* PorusUITests */,
				D0E6009A1DE9626900ADBEC3 /* Products */,
			);
			sourceTree = "<group>";
		};
		D0E6009A1DE9626900ADBEC3 /* Products */ = {
			isa = PBXGroup;
			children = (
				D0E600991DE9626900ADBEC3 /* Porus.app */,
				D0E600B21DE9626900ADBEC3 /* PorusTests.xctest */,
				D0E600BD1DE9626900ADBEC3 /* PorusUITests.xctest */,
			);
			name = Products;
			sourceTree = "<group>";
		};
		D0E6009B1DE9626900ADBEC3 /* Porus */ = {
			isa = PBXGroup;
			children = (
				D0E6009F1DE9626900ADBEC3 /* AppDelegate.h */,
				D0E600A01DE9626900ADBEC3 /* AppDelegate.m */,
				D0E600A21DE9626900ADBEC3 /* ViewController.h */,
				D0E600A31DE9626900ADBEC3 /* ViewController.m */,
				D0E600A51DE9626900ADBEC3 /* Main.storyboard */,
				D0E600A81DE9626900ADBEC3 /* Assets.xcassets */,
				D0E600AA1DE9626900ADBEC3 /* LaunchScreen.storyboard */,
				D0E600AD1DE9626900ADBEC3 /* Info.plist */,
				D0E6009C1DE9626900ADBEC3 /* Supporting Files */,
			);
			path = Porus;
			sourceTree = "<group>";
		};
		D0E6009C1DE9626900ADBEC3 /* Supporting Files */ = {
			isa = PBXGroup;
			children = (
				D0E6009D1DE9626900ADBEC3 /* main.m */,
			);
			name = "Supporting Files";
			sourceTree = "<group>";
		};
		D0E600B51DE9626900ADBEC3 /* PorusTests */ = {
			isa = PBXGroup;
			children = (
				D0E600B61DE9626900ADBEC3 /* PorusTests.m */,
				D0E600B81DE9626900ADBEC3 /* Info.plist */,
			);
			path = PorusTests;
			sourceTree = "<group>";
		};
		D0E600C01DE9626900ADBEC3 /* PorusUITests */ = {
			isa = PBXGroup;
			children = (
				D0E600C11DE9626900ADBEC3 /* PorusUITests.m */,
				D0E600C31DE9626900ADBEC3 /* Info.plist */,
			);
			path = PorusUITests;
			sourceTree = "<group>";
		};
/* End PBXGroup section */

/* Begin PBXNativeTarget section */
		D0E600981DE9626900ADBEC3 /* Porus */ = {
			isa = PBXNativeTarget;
			buildConfigurationList = D0E600C61DE9626900ADBEC3 /* Build configuration list for PBXNativeTarget "Porus" */;
			buildPhases = (
				D0E600951DE9626900ADBEC3 /* Sources */,
				D0E600961DE9626900ADBEC3 /* Frameworks */,
				D0E600971DE9626900ADBEC3 /* Resources */,
			);
			buildRules = (
			);
			dependencies = (
			);
			name = Porus;
			productName = Porus;
			productReference = D0E600991DE9626900ADBEC3 /* Porus.app */;
			productType = "com.apple.product-type.application";
		};
		D0E600B11DE9626900ADBEC3 /* PorusTests */ = {
			isa = PBXNativeTarget;
			buildConfigurationList = D0E600C91DE9626900ADBEC3 /* Build configuration list for PBXNativeTarget "PorusTests" */;
			buildPhases = (
				D0E600AE1DE9626900ADBEC3 /* Sources */,
				D0E600AF1DE9626900ADBEC3 /* Frameworks */,
				D0E600B01DE9626900ADBEC3 /* Resources */,
			);
			buildRules = (
			);
			dependencies = (
				D0E600B41DE9626900ADBEC3 /* PBXTargetDependency */,
			);
			name = PorusTests;
			productName = PorusTests;
			productReference = D0E600B21DE9626900ADBEC3 /* PorusTests.xctest */;
			productType = "com.apple.product-type.bundle.unit-test";
		};
		D0E600BC1DE9626900ADBEC3 /* PorusUITests */ = {
			isa = PBXNativeTarget;
			buildConfigurationList = D0E600CC1DE9626900ADBEC3 /* Build configuration list for PBXNativeTarget "PorusUITests" */;
			buildPhases = (
				D0E600B91DE9626900ADBEC3 /* Sources */,
				D0E600BA1DE9626900ADBEC3 /* Frameworks */,
				D0E600BB1DE9626900ADBEC3 /* Resources */,
			);
			buildRules = (
			);
			dependencies = (
				D0E600BF1DE9626900ADBEC3 /* PBXTargetDependency */,
			);
			name = PorusUITests;
			productName = PorusUITests;
			productReference = D0E600BD1DE9626900ADBEC3 /* PorusUITests.xctest */;
			productType = "com.apple.product-type.bundle.ui-testing";
		};
/* End PBXNativeTarget section */

/* Begin PBXProject section */
		D0E600911DE9626900ADBEC3 /* Project object */ = {
			isa = PBXProject;
			attributes = {
				LastUpgradeCheck = 0810;
				ORGANIZATIONNAME = "Danyang Song (Arthur)";
				TargetAttributes = {
					D0E600981DE9626900ADBEC3 = {
						CreatedOnToolsVersion = 8.1;
						DevelopmentTeam = 5KDNFJH4Y4;
						ProvisioningStyle = Automatic;
					};
					D0E600B11DE9626900ADBEC3 = {
						CreatedOnToolsVersion = 8.1;
						DevelopmentTeam = 5KDNFJH4Y4;
						ProvisioningStyle = Automatic;
						TestTargetID = D0E600981DE9626900ADBEC3;
					};
					D0E600BC1DE9626900ADBEC3 = {
						CreatedOnToolsVersion = 8.1;
						DevelopmentTeam = 5KDNFJH4Y4;
						ProvisioningStyle = Automatic;
						TestTargetID = D0E600981DE9626900ADBEC3;
					};
				};
			};
			buildConfigurationList = D0E600941DE9626900ADBEC3 /* Build configuration list for PBXProject "Porus" */;
			compatibilityVersion = "Xcode 3.2";
			developmentRegion = English;
			hasScannedForEncodings = 0;
			knownRegions = (
				en,
				Base,
			);
			mainGroup = D0E600901DE9626900ADBEC3;
			productRefGroup = D0E6009A1DE9626900ADBEC3 /* Products */;
			projectDirPath = "";
			projectRoot = "";
			targets = (
				D0E600981DE9626900ADBEC3 /* Porus */,
				D0E600B11DE9626900ADBEC3 /* PorusTests */,
				D0E600BC1DE9626900ADBEC3 /* PorusUITests */,
			);
		};
/* End PBXProject section */

/* Begin PBXResourcesBuildPhase section */
		D0E600971DE9626900ADBEC3 /* Resources */ = {
			isa = PBXResourcesBuildPhase;
			buildActionMask = 2147483647;
			files = (
				D0E600AC1DE9626900ADBEC3 /* LaunchScreen.storyboard in Resources */,
				D0E600A91DE9626900ADBEC3 /* Assets.xcassets in Resources */,
				D0E600A71DE9626900ADBEC3 /* Main.storyboard in Resources */,
			);
			runOnlyForDeploymentPostprocessing = 0;
		};
		D0E600B01DE9626900ADBEC3 /* Resources */ = {
			isa = PBXResourcesBuildPhase;
			buildActionMask = 2147483647;
			files = (
			);
			runOnlyForDeploymentPostprocessing = 0;
		};
		D0E600BB1DE9626900ADBEC3 /* Resources */ = {
			isa = PBXResourcesBuildPhase;
			buildActionMask = 2147483647;
			files = (
			);
			runOnlyForDeploymentPostprocessing = 0;
		};
/* End PBXResourcesBuildPhase section */

/* Begin PBXSourcesBuildPhase section */
		D0E600951DE9626900ADBEC3 /* Sources */ = {
			isa = PBXSourcesBuildPhase;
			buildActionMask = 2147483647;
			files = (
				D0E600A41DE9626900ADBEC3 /* ViewController.m in Sources */,
				D0E600A11DE9626900ADBEC3 /* AppDelegate.m in Sources */,
				D0E6009E1DE9626900ADBEC3 /* main.m in Sources */,
			);
			runOnlyForDeploymentPostprocessing = 0;
		};
		D0E600AE1DE9626900ADBEC3 /* Sources */ = {
			isa = PBXSourcesBuildPhase;
			buildActionMask = 2147483647;
			files = (
				D0E600B71DE9626900ADBEC3 /* PorusTests.m in Sources */,
			);
			runOnlyForDeploymentPostprocessing = 0;
		};
		D0E600B91DE9626900ADBEC3 /* Sources */ = {
			isa = PBXSourcesBuildPhase;
			buildActionMask = 2147483647;
			files = (
				D0E600C21DE9626900ADBEC3 /* PorusUITests.m in Sources */,
			);
			runOnlyForDeploymentPostprocessing = 0;
		};
/* End PBXSourcesBuildPhase section */

/* Begin PBXTargetDependency section */
		D0E600B41DE9626900ADBEC3 /* PBXTargetDependency */ = {
			isa = PBXTargetDependency;
			target = D0E600981DE9626900ADBEC3 /* Porus */;
			targetProxy = D0E600B31DE9626900ADBEC3 /* PBXContainerItemProxy */;
		};
		D0E600BF1DE9626900ADBEC3 /* PBXTargetDependency */ = {
			isa = PBXTargetDependency;
			target = D0E600981DE9626900ADBEC3 /* Porus */;
			targetProxy = D0E600BE1DE9626900ADBEC3 /* PBXContainerItemProxy */;
		};
/* End PBXTargetDependency section */

/* Begin PBXVariantGroup section */
		D0E600A51DE9626900ADBEC3 /* Main.storyboard */ = {
			isa = PBXVariantGroup;
			children = (
				D0E600A61DE9626900ADBEC3 /* Base */,
			);
			name = Main.storyboard;
			sourceTree = "<group>";
		};
		D0E600AA1DE9626900ADBEC3 /* LaunchScreen.storyboard */ = {
			isa = PBXVariantGroup;
			children = (
				D0E600AB1DE9626900ADBEC3 /* Base */,
			);
			name = LaunchScreen.storyboard;
			sourceTree = "<group>";
		};
/* End PBXVariantGroup section */

/* Begin XCBuildConfiguration section */
		D0E600C41DE9626900ADBEC3 /* Debug */ = {
			isa = XCBuildConfiguration;
			buildSettings = {
				ALWAYS_SEARCH_USER_PATHS = NO;
				CLANG_ANALYZER_NONNULL = YES;
				CLANG_CXX_LANGUAGE_STANDARD = "gnu++0x";
				CLANG_CXX_LIBRARY = "libc++";
				CLANG_ENABLE_MODULES = YES;
				CLANG_ENABLE_OBJC_ARC = YES;
				CLANG_WARN_BOOL_CONVERSION = YES;
				CLANG_WARN_CONSTANT_CONVERSION = YES;
				CLANG_WARN_DIRECT_OBJC_ISA_USAGE = YES_ERROR;
				CLANG_WARN_DOCUMENTATION_COMMENTS = YES;
				CLANG_WARN_EMPTY_BODY = YES;
				CLANG_WARN_ENUM_CONVERSION = YES;
				CLANG_WARN_INFINITE_RECURSION = YES;
				CLANG_WARN_INT_CONVERSION = YES;
				CLANG_WARN_OBJC_ROOT_CLASS = YES_ERROR;
				CLANG_WARN_SUSPICIOUS_MOVES = YES;
				CLANG_WARN_UNREACHABLE_CODE = YES;
				CLANG_WARN__DUPLICATE_METHOD_MATCH = YES;
				"CODE_SIGN_IDENTITY[sdk=iphoneos*]" = "iPhone Developer";
				COPY_PHASE_STRIP = NO;
				DEBUG_INFORMATION_FORMAT = dwarf;
				ENABLE_STRICT_OBJC_MSGSEND = YES;
				ENABLE_TESTABILITY = YES;
				GCC_C_LANGUAGE_STANDARD = gnu99;
				GCC_DYNAMIC_NO_PIC = NO;
				GCC_NO_COMMON_BLOCKS = YES;
				GCC_OPTIMIZATION_LEVEL = 0;
				GCC_PREPROCESSOR_DEFINITIONS = (
					"DEBUG=1",
					"$(inherited)",
				);
				GCC_WARN_64_TO_32_BIT_CONVERSION = YES;
				GCC_WARN_ABOUT_RETURN_TYPE = YES_ERROR;
				GCC_WARN_UNDECLARED_SELECTOR = YES;
				GCC_WARN_UNINITIALIZED_AUTOS = YES_AGGRESSIVE;
				GCC_WARN_UNUSED_FUNCTION = YES;
				GCC_WARN_UNUSED_VARIABLE = YES;
				IPHONEOS_DEPLOYMENT_TARGET = 10.1;
				MTL_ENABLE_DEBUG_INFO = YES;
				ONLY_ACTIVE_ARCH = YES;
				SDKROOT = iphoneos;
			};
			name = Debug;
		};
		D0E600C51DE9626900ADBEC3 /* Release */ = {
			isa = XCBuildConfiguration;
			buildSettings = {
				ALWAYS_SEARCH_USER_PATHS = NO;
				CLANG_ANALYZER_NONNULL = YES;
				CLANG_CXX_LANGUAGE_STANDARD = "gnu++0x";
				CLANG_CXX_LIBRARY = "libc++";
				CLANG_ENABLE_MODULES = YES;
				CLANG_ENABLE_OBJC_ARC = YES;
				CLANG_WARN_BOOL_CONVERSION = YES;
				CLANG_WARN_CONSTANT_CONVERSION = YES;
				CLANG_WARN_DIRECT_OBJC_ISA_USAGE = YES_ERROR;
				CLANG_WARN_DOCUMENTATION_COMMENTS = YES;
				CLANG_WARN_EMPTY_BODY = YES;
				CLANG_WARN_ENUM_CONVERSION = YES;
				CLANG_WARN_INFINITE_RECURSION = YES;
				CLANG_WARN_INT_CONVERSION = YES;
				CLANG_WARN_OBJC_ROOT_CLASS = YES_ERROR;
				CLANG_WARN_SUSPICIOUS_MOVES = YES;
				CLANG_WARN_UNREACHABLE_CODE = YES;
				CLANG_WARN__DUPLICATE_METHOD_MATCH = YES;
				"CODE_SIGN_IDENTITY[sdk=iphoneos*]" = "iPhone Developer";
				COPY_PHASE_STRIP = NO;
				DEBUG_INFORMATION_FORMAT = "dwarf-with-dsym";
				ENABLE_NS_ASSERTIONS = NO;
				ENABLE_STRICT_OBJC_MSGSEND = YES;
				GCC_C_LANGUAGE_STANDARD = gnu99;
				GCC_NO_COMMON_BLOCKS = YES;
				GCC_WARN_64_TO_32_BIT_CONVERSION = YES;
				GCC_WARN_ABOUT_RETURN_TYPE = YES_ERROR;
				GCC_WARN_UNDECLARED_SELECTOR = YES;
				GCC_WARN_UNINITIALIZED_AUTOS = YES_AGGRESSIVE;
				GCC_WARN_UNUSED_FUNCTION = YES;
				GCC_WARN_UNUSED_VARIABLE = YES;
				IPHONEOS_DEPLOYMENT_TARGET = 10.1;
				MTL_ENABLE_DEBUG_INFO = NO;
				SDKROOT = iphoneos;
				VALIDATE_PRODUCT = YES;
			};
			name = Release;
		};
		D0E600C71DE9626900ADBEC3 /* Debug */ = {
			isa = XCBuildConfiguration;
			buildSettings = {
				ASSETCATALOG_COMPILER_APPICON_NAME = AppIcon;
				"CODE_SIGN_IDENTITY[sdk=iphoneos*]" = "iPhone Developer";
				DEVELOPMENT_TEAM = 5KDNFJH4Y4;
				INFOPLIST_FILE = Porus/Info.plist;
				LD_RUNPATH_SEARCH_PATHS = "$(inherited) @executable_path/Frameworks";
				PRODUCT_BUNDLE_IDENTIFIER = "arthur-song.space.Porus";
				PRODUCT_NAME = "$(TARGET_NAME)";
			};
			name = Debug;
		};
		D0E600C81DE9626900ADBEC3 /* Release */ = {
			isa = XCBuildConfiguration;
			buildSettings = {
				ASSETCATALOG_COMPILER_APPICON_NAME = AppIcon;
				"CODE_SIGN_IDENTITY[sdk=iphoneos*]" = "iPhone Developer";
				DEVELOPMENT_TEAM = 5KDNFJH4Y4;
				INFOPLIST_FILE = Porus/Info.plist;
				LD_RUNPATH_SEARCH_PATHS = "$(inherited) @executable_path/Frameworks";
				PRODUCT_BUNDLE_IDENTIFIER = "arthur-song.space.Porus";
				PRODUCT_NAME = "$(TARGET_NAME)";
			};
			name = Release;
		};
		D0E600CA1DE9626900ADBEC3 /* Debug */ = {
			isa = XCBuildConfiguration;
			buildSettings = {
				BUNDLE_LOADER = "$(TEST_HOST)";
				DEVELOPMENT_TEAM = 5KDNFJH4Y4;
				INFOPLIST_FILE = PorusTests/Info.plist;
				LD_RUNPATH_SEARCH_PATHS = "$(inherited) @executable_path/Frameworks @loader_path/Frameworks";
				PRODUCT_BUNDLE_IDENTIFIER = "arthur-song.space.PorusTests";
				PRODUCT_NAME = "$(TARGET_NAME)";
				TEST_HOST = "$(BUILT_PRODUCTS_DIR)/Porus.app/Porus";
			};
			name = Debug;
		};
		D0E600CB1DE9626900ADBEC3 /* Release */ = {
			isa = XCBuildConfiguration;
			buildSettings = {
				BUNDLE_LOADER = "$(TEST_HOST)";
				DEVELOPMENT_TEAM = 5KDNFJH4Y4;
				INFOPLIST_FILE = PorusTests/Info.plist;
				LD_RUNPATH_SEARCH_PATHS = "$(inherited) @executable_path/Frameworks @loader_path/Frameworks";
				PRODUCT_BUNDLE_IDENTIFIER = "arthur-song.space.PorusTests";
				PRODUCT_NAME = "$(TARGET_NAME)";
				TEST_HOST = "$(BUILT_PRODUCTS_DIR)/Porus.app/Porus";
			};
			name = Release;
		};
		D0E600CD1DE9626900ADBEC3 /* Debug */ = {
			isa = XCBuildConfiguration;
			buildSettings = {
				DEVELOPMENT_TEAM = 5KDNFJH4Y4;
				INFOPLIST_FILE = PorusUITests/Info.plist;
				LD_RUNPATH_SEARCH_PATHS = "$(inherited) @executable_path/Frameworks @loader_path/Frameworks";
				PRODUCT_BUNDLE_IDENTIFIER = "arthur-song.space.PorusUITests";
				PRODUCT_NAME = "$(TARGET_NAME)";
				TEST_TARGET_NAME = Porus;
			};
			name = Debug;
		};
		D0E600CE1DE9626900ADBEC3 /* Release */ = {
			isa = XCBuildConfiguration;
			buildSettings = {
				DEVELOPMENT_TEAM = 5KDNFJH4Y4;
				INFOPLIST_FILE = PorusUITests/Info.plist;
				LD_RUNPATH_SEARCH_PATHS = "$(inherited) @executable_path/Frameworks @loader_path/Frameworks";
				PRODUCT_BUNDLE_IDENTIFIER = "arthur-song.space.PorusUITests";
				PRODUCT_NAME = "$(TARGET_NAME)";
				TEST_TARGET_NAME = Porus;
			};
			name = Release;
		};
/* End XCBuildConfiguration section */

/* Begin XCConfigurationList section */
		D0E600941DE9626900ADBEC3 /* Build configuration list for PBXProject "Porus" */ = {
			isa = XCConfigurationList;
			buildConfigurations = (
				D0E600C41DE9626900ADBEC3 /* Debug */,
				D0E600C51DE9626900ADBEC3 /* Release */,
			);
			defaultConfigurationIsVisible = 0;
			defaultConfigurationName = Release;
		};
		D0E600C61DE9626900ADBEC3 /* Build configuration list for PBXNativeTarget "Porus" */ = {
			isa = XCConfigurationList;
			buildConfigurations = (
				D0E600C71DE9626900ADBEC3 /* Debug */,
				D0E600C81DE9626900ADBEC3 /* Release */,
			);
			defaultConfigurationIsVisible = 0;
			defaultConfigurationName = Release;
		};
		D0E600C91DE9626900ADBEC3 /* Build configuration list for PBXNativeTarget "PorusTests" */ = {
			isa = XCConfigurationList;
			buildConfigurations = (
				D0E600CA1DE9626900ADBEC3 /* Debug */,
				D0E600CB1DE9626900ADBEC3 /* Release */,
			);
			defaultConfigurationIsVisible = 0;
			defaultConfigurationName = Release;
		};
		D0E600CC1DE9626900ADBEC3 /* Build configuration list for PBXNativeTarget "PorusUITests" */ = {
			isa = XCConfigurationList;
			buildConfigurations = (
				D0E600CD1DE9626900ADBEC3 /* Debug */,
				D0E600CE1DE9626900ADBEC3 /* Release */,
			);
			defaultConfigurationIsVisible = 0;
			defaultConfigurationName = Release;
		};
/* End XCConfigurationList section */
	};
	rootObject = D0E600911DE9626900ADBEC3 /* Project object */;
}
